// !$*UTF8*$!
{
	archiveVersion = 1;
	classes = {
	};
	objectVersion = 50;
	objects = {

/* Begin PBXBuildFile section */
		5342001326A5191A00C49DF7 /* AppDelegate.swift in Sources */ = {isa = PBXBuildFile; fileRef = 5342001226A5191A00C49DF7 /* AppDelegate.swift */; };
		5342001526A5191A00C49DF7 /* SceneDelegate.swift in Sources */ = {isa = PBXBuildFile; fileRef = 5342001426A5191A00C49DF7 /* SceneDelegate.swift */; };
		5342001726A5191A00C49DF7 /* ViewController.swift in Sources */ = {isa = PBXBuildFile; fileRef = 5342001626A5191A00C49DF7 /* ViewController.swift */; };
		5342001A26A5191A00C49DF7 /* Main.storyboard in Resources */ = {isa = PBXBuildFile; fileRef = 5342001826A5191A00C49DF7 /* Main.storyboard */; };
		5342001C26A5192100C49DF7 /* Assets.xcassets in Resources */ = {isa = PBXBuildFile; fileRef = 5342001B26A5192100C49DF7 /* Assets.xcassets */; };
		5342001F26A5192100C49DF7 /* LaunchScreen.storyboard in Resources */ = {isa = PBXBuildFile; fileRef = 5342001D26A5192100C49DF7 /* LaunchScreen.storyboard */; };
		5342002726ADA44C00C49DF7 /* CountdownTimer.swift in Sources */ = {isa = PBXBuildFile; fileRef = 5342002626ADA44B00C49DF7 /* CountdownTimer.swift */; };
		5342002926ADA5E300C49DF7 /* Animations.swift in Sources */ = {isa = PBXBuildFile; fileRef = 5342002826ADA5E300C49DF7 /* Animations.swift */; };
/* End PBXBuildFile section */

/* Begin PBXFileReference section */
		5342000F26A5191A00C49DF7 /* ForAllTimer.app */ = {isa = PBXFileReference; explicitFileType = wrapper.application; includeInIndex = 0; path = ForAllTimer.app; sourceTree = BUILT_PRODUCTS_DIR; };
		5342001226A5191A00C49DF7 /* AppDelegate.swift */ = {isa = PBXFileReference; lastKnownFileType = sourcecode.swift; path = AppDelegate.swift; sourceTree = "<group>"; };
		5342001426A5191A00C49DF7 /* SceneDelegate.swift */ = {isa = PBXFileReference; lastKnownFileType = sourcecode.swift; path = SceneDelegate.swift; sourceTree = "<group>"; };
		5342001626A5191A00C49DF7 /* ViewController.swift */ = {isa = PBXFileReference; lastKnownFileType = sourcecode.swift; path = ViewController.swift; sourceTree = "<group>"; };
		5342001926A5191A00C49DF7 /* Base */ = {isa = PBXFileReference; lastKnownFileType = file.storyboard; name = Base; path = Base.lproj/Main.storyboard; sourceTree = "<group>"; };
		5342001B26A5192100C49DF7 /* Assets.xcassets */ = {isa = PBXFileReference; lastKnownFileType = folder.assetcatalog; path = Assets.xcassets; sourceTree = "<group>"; };
		5342001E26A5192100C49DF7 /* Base */ = {isa = PBXFileReference; lastKnownFileType = file.storyboard; name = Base; path = Base.lproj/LaunchScreen.storyboard; sourceTree = "<group>"; };
		5342002026A5192100C49DF7 /* Info.plist */ = {isa = PBXFileReference; lastKnownFileType = text.plist.xml; path = Info.plist; sourceTree = "<group>"; };
		5342002626ADA44B00C49DF7 /* CountdownTimer.swift */ = {isa = PBXFileReference; lastKnownFileType = sourcecode.swift; path = CountdownTimer.swift; sourceTree = "<group>"; };
		5342002826ADA5E300C49DF7 /* Animations.swift */ = {isa = PBXFileReference; lastKnownFileType = sourcecode.swift; path = Animations.swift; sourceTree = "<group>"; };
/* End PBXFileReference section */

/* Begin PBXFrameworksBuildPhase section */
		5342000C26A5191900C49DF7 /* Frameworks */ = {
			isa = PBXFrameworksBuildPhase;
			buildActionMask = 2147483647;
			files = (
			);
			runOnlyForDeploymentPostprocessing = 0;
		};
/* End PBXFrameworksBuildPhase section */

/* Begin PBXGroup section */
		5342000626A5191900C49DF7 = {
			isa = PBXGroup;
			children = (
				5342001126A5191A00C49DF7 /* ForAllTimer */,
				5342001026A5191A00C49DF7 /* Products */,
			);
			sourceTree = "<group>";
		};
		5342001026A5191A00C49DF7 /* Products */ = {
			isa = PBXGroup;
			children = (
				5342000F26A5191A00C49DF7 /* ForAllTimer.app */,
			);
			name = Products;
			sourceTree = "<group>";
		};
		5342001126A5191A00C49DF7 /* ForAllTimer */ = {
			isa = PBXGroup;
			children = (
				5342001226A5191A00C49DF7 /* AppDelegate.swift */,
				5342001426A5191A00C49DF7 /* SceneDelegate.swift */,
				5342001626A5191A00C49DF7 /* ViewController.swift */,
				5342002A26ADA8D600C49DF7 /* Models */,
				5342001826A5191A00C49DF7 /* Main.storyboard */,
				5342001B26A5192100C49DF7 /* Assets.xcassets */,
				5342001D26A5192100C49DF7 /* LaunchScreen.storyboard */,
				5342002026A5192100C49DF7 /* Info.plist */,
			);
			path = ForAllTimer;
			sourceTree = "<group>";
		};
		5342002A26ADA8D600C49DF7 /* Models */ = {
			isa = PBXGroup;
			children = (
				5342002626ADA44B00C49DF7 /* CountdownTimer.swift */,
				5342002826ADA5E300C49DF7 /* Animations.swift */,
			);
			path = Models;
			sourceTree = "<group>";
		};
/* End PBXGroup section */

/* Begin PBXNativeTarget section */
		5342000E26A5191900C49DF7 /* ForAllTimer */ = {
			isa = PBXNativeTarget;
			buildConfigurationList = 5342002326A5192100C49DF7 /* Build configuration list for PBXNativeTarget "ForAllTimer" */;
			buildPhases = (
				5342000B26A5191900C49DF7 /* Sources */,
				5342000C26A5191900C49DF7 /* Frameworks */,
				5342000D26A5191900C49DF7 /* Resources */,
			);
			buildRules = (
			);
			dependencies = (
			);
			name = ForAllTimer;
			productName = ForAllTimer;
			productReference = 5342000F26A5191A00C49DF7 /* ForAllTimer.app */;
			productType = "com.apple.product-type.application";
		};
/* End PBXNativeTarget section */

/* Begin PBXProject section */
		5342000726A5191900C49DF7 /* Project object */ = {
			isa = PBXProject;
			attributes = {
				LastSwiftUpdateCheck = 1250;
				LastUpgradeCheck = 1250;
				TargetAttributes = {
					5342000E26A5191900C49DF7 = {
						CreatedOnToolsVersion = 12.5.1;
					};
				};
			};
			buildConfigurationList = 5342000A26A5191900C49DF7 /* Build configuration list for PBXProject "ForAllTimer" */;
			compatibilityVersion = "Xcode 9.3";
			developmentRegion = en;
			hasScannedForEncodings = 0;
			knownRegions = (
				en,
				Base,
			);
			mainGroup = 5342000626A5191900C49DF7;
			productRefGroup = 5342001026A5191A00C49DF7 /* Products */;
			projectDirPath = "";
			projectRoot = "";
			targets = (
				5342000E26A5191900C49DF7 /* ForAllTimer */,
			);
		};
/* End PBXProject section */

/* Begin PBXResourcesBuildPhase section */
		5342000D26A5191900C49DF7 /* Resources */ = {
			isa = PBXResourcesBuildPhase;
			buildActionMask = 2147483647;
			files = (
				5342001F26A5192100C49DF7 /* LaunchScreen.storyboard in Resources */,
				5342001C26A5192100C49DF7 /* Assets.xcassets in Resources */,
				5342001A26A5191A00C49DF7 /* Main.storyboard in Resources */,
			);
			runOnlyForDeploymentPostprocessing = 0;
		};
/* End PBXResourcesBuildPhase section */

/* Begin PBXSourcesBuildPhase section */
		5342000B26A5191900C49DF7 /* Sources */ = {
			isa = PBXSourcesBuildPhase;
			buildActionMask = 2147483647;
			files = (
				5342001726A5191A00C49DF7 /* ViewController.swift in Sources */,
				5342002926ADA5E300C49DF7 /* Animations.swift in Sources */,
				5342002726ADA44C00C49DF7 /* CountdownTimer.swift in Sources */,
				5342001326A5191A00C49DF7 /* AppDelegate.swift in Sources */,
				5342001526A5191A00C49DF7 /* SceneDelegate.swift in Sources */,
			);
			runOnlyForDeploymentPostprocessing = 0;
		};
/* End PBXSourcesBuildPhase section */

/* Begin PBXVariantGroup section */
		5342001826A5191A00C49DF7 /* Main.storyboard */ = {
			isa = PBXVariantGroup;
			children = (
				5342001926A5191A00C49DF7 /* Base */,
			);
			name = Main.storyboard;
			sourceTree = "<group>";
		};
		5342001D26A5192100C49DF7 /* LaunchScreen.storyboard */ = {
			isa = PBXVariantGroup;
			children = (
				5342001E26A5192100C49DF7 /* Base */,
			);
			name = LaunchScreen.storyboard;
			sourceTree = "<group>";
		};
/* End PBXVariantGroup section */

/* Begin XCBuildConfiguration section */
		5342002126A5192100C49DF7 /* Debug */ = {
			isa = XCBuildConfiguration;
			buildSettings = {
				ALWAYS_SEARCH_USER_PATHS = NO;
				CLANG_ANALYZER_NONNULL = YES;
				CLANG_ANALYZER_NUMBER_OBJECT_CONVERSION = YES_AGGRESSIVE;
				CLANG_CXX_LANGUAGE_STANDARD = "gnu++14";
				CLANG_CXX_LIBRARY = "libc++";
				CLANG_ENABLE_MODULES = YES;
				CLANG_ENABLE_OBJC_ARC = YES;
				CLANG_ENABLE_OBJC_WEAK = YES;
				CLANG_WARN_BLOCK_CAPTURE_AUTORELEASING = YES;
				CLANG_WARN_BOOL_CONVERSION = YES;
				CLANG_WARN_COMMA = YES;
				CLANG_WARN_CONSTANT_CONVERSION = YES;
				CLANG_WARN_DEPRECATED_OBJC_IMPLEMENTATIONS = YES;
				CLANG_WARN_DIRECT_OBJC_ISA_USAGE = YES_ERROR;
				CLANG_WARN_DOCUMENTATION_COMMENTS = YES;
				CLANG_WARN_EMPTY_BODY = YES;
				CLANG_WARN_ENUM_CONVERSION = YES;
				CLANG_WARN_INFINITE_RECURSION = YES;
				CLANG_WARN_INT_CONVERSION = YES;
				CLANG_WARN_NON_LITERAL_NULL_CONVERSION = YES;
				CLANG_WARN_OBJC_IMPLICIT_RETAIN_SELF = YES;
				CLANG_WARN_OBJC_LITERAL_CONVERSION = YES;
				CLANG_WARN_OBJC_ROOT_CLASS = YES_ERROR;
				CLANG_WARN_QUOTED_INCLUDE_IN_FRAMEWORK_HEADER = YES;
				CLANG_WARN_RANGE_LOOP_ANALYSIS = YES;
				CLANG_WARN_STRICT_PROTOTYPES = YES;
				CLANG_WARN_SUSPICIOUS_MOVE = YES;
				CLANG_WARN_UNGUARDED_AVAILABILITY = YES_AGGRESSIVE;
				CLANG_WARN_UNREACHABLE_CODE = YES;
				CLANG_WARN__DUPLICATE_METHOD_MATCH = YES;
				COPY_PHASE_STRIP = NO;
				DEBUG_INFORMATION_FORMAT = dwarf;
				ENABLE_STRICT_OBJC_MSGSEND = YES;
				ENABLE_TESTABILITY = YES;
				GCC_C_LANGUAGE_STANDARD = gnu11;
				GCC_DYNAMIC_NO_PIC = NO;
				GCC_NO_COMMON_BLOCKS = YES;
				GCC_OPTIMIZATION_LEVEL = 0;
				GCC_PREPROCESSOR_DEFINITIONS = (
					"DEBUG=1",
					"$(inherited)",
				);
				GCC_WARN_64_TO_32_BIT_CONVERSION = YES;
				GCC_WARN_ABOUT_RETURN_TYPE = YES_ERROR;
				GCC_WARN_UNDECLARED_SELECTOR = YES;
				GCC_WARN_UNINITIALIZED_AUTOS = YES_AGGRESSIVE;
				GCC_WARN_UNUSED_FUNCTION = YES;
				GCC_WARN_UNUSED_VARIABLE = YES;
				IPHONEOS_DEPLOYMENT_TARGET = 14.5;
				MTL_ENABLE_DEBUG_INFO = INCLUDE_SOURCE;
				MTL_FAST_MATH = YES;
				ONLY_ACTIVE_ARCH = YES;
				SDKROOT = iphoneos;
				SWIFT_ACTIVE_COMPILATION_CONDITIONS = DEBUG;
				SWIFT_OPTIMIZATION_LEVEL = "-Onone";
			};
			name = Debug;
		};
		5342002226A5192100C49DF7 /* Release */ = {
			isa = XCBuildConfiguration;
			buildSettings = {
				ALWAYS_SEARCH_USER_PATHS = NO;
				CLANG_ANALYZER_NONNULL = YES;
				CLANG_ANALYZER_NUMBER_OBJECT_CONVERSION = YES_AGGRESSIVE;
				CLANG_CXX_LANGUAGE_STANDARD = "gnu++14";
				CLANG_CXX_LIBRARY = "libc++";
				CLANG_ENABLE_MODULES = YES;
				CLANG_ENABLE_OBJC_ARC = YES;
				CLANG_ENABLE_OBJC_WEAK = YES;
				CLANG_WARN_BLOCK_CAPTURE_AUTORELEASING = YES;
				CLANG_WARN_BOOL_CONVERSION = YES;
				CLANG_WARN_COMMA = YES;
				CLANG_WARN_CONSTANT_CONVERSION = YES;
				CLANG_WARN_DEPRECATED_OBJC_IMPLEMENTATIONS = YES;
				CLANG_WARN_DIRECT_OBJC_ISA_USAGE = YES_ERROR;
				CLANG_WARN_DOCUMENTATION_COMMENTS = YES;
				CLANG_WARN_EMPTY_BODY = YES;
				CLANG_WARN_ENUM_CONVERSION = YES;
				CLANG_WARN_INFINITE_RECURSION = YES;
				CLANG_WARN_INT_CONVERSION = YES;
				CLANG_WARN_NON_LITERAL_NULL_CONVERSION = YES;
				CLANG_WARN_OBJC_IMPLICIT_RETAIN_SELF = YES;
				CLANG_WARN_OBJC_LITERAL_CONVERSION = YES;
				CLANG_WARN_OBJC_ROOT_CLASS = YES_ERROR;
				CLANG_WARN_QUOTED_INCLUDE_IN_FRAMEWORK_HEADER = YES;
				CLANG_WARN_RANGE_LOOP_ANALYSIS = YES;
				CLANG_WARN_STRICT_PROTOTYPES = YES;
				CLANG_WARN_SUSPICIOUS_MOVE = YES;
				CLANG_WARN_UNGUARDED_AVAILABILITY = YES_AGGRESSIVE;
				CLANG_WARN_UNREACHABLE_CODE = YES;
				CLANG_WARN__DUPLICATE_METHOD_MATCH = YES;
				COPY_PHASE_STRIP = NO;
				DEBUG_INFORMATION_FORMAT = "dwarf-with-dsym";
				ENABLE_NS_ASSERTIONS = NO;
				ENABLE_STRICT_OBJC_MSGSEND = YES;
				GCC_C_LANGUAGE_STANDARD = gnu11;
				GCC_NO_COMMON_BLOCKS = YES;
				GCC_WARN_64_TO_32_BIT_CONVERSION = YES;
				GCC_WARN_ABOUT_RETURN_TYPE = YES_ERROR;
				GCC_WARN_UNDECLARED_SELECTOR = YES;
				GCC_WARN_UNINITIALIZED_AUTOS = YES_AGGRESSIVE;
				GCC_WARN_UNUSED_FUNCTION = YES;
				GCC_WARN_UNUSED_VARIABLE = YES;
				IPHONEOS_DEPLOYMENT_TARGET = 14.5;
				MTL_ENABLE_DEBUG_INFO = NO;
				MTL_FAST_MATH = YES;
				SDKROOT = iphoneos;
				SWIFT_COMPILATION_MODE = wholemodule;
				SWIFT_OPTIMIZATION_LEVEL = "-O";
				VALIDATE_PRODUCT = YES;
			};
			name = Release;
		};
		5342002426A5192100C49DF7 /* Debug */ = {
			isa = XCBuildConfiguration;
			buildSettings = {
				ASSETCATALOG_COMPILER_APPICON_NAME = AppIcon;
				ASSETCATALOG_COMPILER_GLOBAL_ACCENT_COLOR_NAME = AccentColor;
				CODE_SIGN_STYLE = Automatic;
				DEVELOPMENT_TEAM = VR7223ZYQY;
				INFOPLIST_FILE = ForAllTimer/Info.plist;
				LD_RUNPATH_SEARCH_PATHS = (
					"$(inherited)",
					"@executable_path/Frameworks",
				);
				PRODUCT_BUNDLE_IDENTIFIER = dev.meltonlogan.ForAllTimer;
				PRODUCT_NAME = "$(TARGET_NAME)";
				SWIFT_VERSION = 5.0;
				TARGETED_DEVICE_FAMILY = "1,2";
			};
			name = Debug;
		};
		5342002526A5192100C49DF7 /* Release */ = {
			isa = XCBuildConfiguration;
			buildSettings = {
				ASSETCATALOG_COMPILER_APPICON_NAME = AppIcon;
				ASSETCATALOG_COMPILER_GLOBAL_ACCENT_COLOR_NAME = AccentColor;
				CODE_SIGN_STYLE = Automatic;
				DEVELOPMENT_TEAM = VR7223ZYQY;
				INFOPLIST_FILE = ForAllTimer/Info.plist;
				LD_RUNPATH_SEARCH_PATHS = (
					"$(inherited)",
					"@executable_path/Frameworks",
				);
				PRODUCT_BUNDLE_IDENTIFIER = dev.meltonlogan.ForAllTimer;
				PRODUCT_NAME = "$(TARGET_NAME)";
				SWIFT_VERSION = 5.0;
				TARGETED_DEVICE_FAMILY = "1,2";
			};
			name = Release;
		};
/* End XCBuildConfiguration section */

/* Begin XCConfigurationList section */
		5342000A26A5191900C49DF7 /* Build configuration list for PBXProject "ForAllTimer" */ = {
			isa = XCConfigurationList;
			buildConfigurations = (
				5342002126A5192100C49DF7 /* Debug */,
				5342002226A5192100C49DF7 /* Release */,
			);
			defaultConfigurationIsVisible = 0;
			defaultConfigurationName = Release;
		};
		5342002326A5192100C49DF7 /* Build configuration list for PBXNativeTarget "ForAllTimer" */ = {
			isa = XCConfigurationList;
			buildConfigurations = (
				5342002426A5192100C49DF7 /* Debug */,
				5342002526A5192100C49DF7 /* Release */,
			);
			defaultConfigurationIsVisible = 0;
			defaultConfigurationName = Release;
		};
/* End XCConfigurationList section */
	};
	rootObject = 5342000726A5191900C49DF7 /* Project object */;
}
